Microsoft Visual Studio Solution File, Format Version 12.00
# Visual Studio Version 17
VisualStudioVersion = 17.5.2.0
MinimumVisualStudioVersion = 10.0.40219.1
Project("{FAE04EC0-301F-11D3-BF4B-00C04F79EFBC}") = "PokemonMinimalControllerAPI", "PokemonMinimalControllerAPI.csproj", "{58D144EC-FC67-7B9B-66A2-1CE8FC2FC02A}"
EndProject
Global
	GlobalSection(SolutionConfigurationPlatforms) = preSolution
		Debug|Any CPU = Debug|Any CPU
		Release|Any CPU = Release|Any CPU
	EndGlobalSection
	GlobalSection(ProjectConfigurationPlatforms) = postSolution
		{58D144EC-FC67-7B9B-66A2-1CE8FC2FC02A}.Debug|Any CPU.ActiveCfg = Debug|Any CPU
		{58D144EC-FC67-7B9B-66A2-1CE8FC2FC02A}.Debug|Any CPU.Build.0 = Debug|Any CPU
		{58D144EC-FC67-7B9B-66A2-1CE8FC2FC02A}.Release|Any CPU.ActiveCfg = Release|Any CPU
		{58D144EC-FC67-7B9B-66A2-1CE8FC2FC02A}.Release|Any CPU.Build.0 = Release|Any CPU
	EndGlobalSection
	GlobalSection(SolutionProperties) = preSolution
		HideSolutionNode = FALSE
	EndGlobalSection
	GlobalSection(ExtensibilityGlobals) = postSolution
		SolutionGuid = {8EF8ED98-4AE0-49A2-8103-9ED04AEDB159}
	EndGlobalSection
EndGlobal
